
Microsoft Visual Studio Solution File, Format Version 12.00
# Visual Studio Version 17
VisualStudioVersion = 17.0.31903.59
MinimumVisualStudioVersion = 10.0.40219.1
Project("{FAE04EC0-301F-11D3-BF4B-00C04F79EFBC}") = "HopTracer.Core", "HopTracer.Core\HopTracer.Core.csproj", "{11387A26-8468-4AD7-8043-5DBF7D7042B6}"
EndProject
Project("{FAE04EC0-301F-11D3-BF4B-00C04F79EFBC}") = "HopTracer.Web", "HopTracer.Web\HopTracer.Web.csproj", "{C66CE928-772A-4C83-A514-CA752F84E28A}"
EndProject
Project("{FAE04EC0-301F-11D3-BF4B-00C04F79EFBC}") = "GhConverter", "GhConverter\GhConverter.csproj", "{E8B10874-24ED-4617-9683-7D492D7E68C9}"
EndProject
Project("{FAE04EC0-301F-11D3-BF4B-00C04F79EFBC}") = "TestDiff", "Tools\\TestDiff\\TestDiff.csproj", "{76558B21-D4CB-4210-97F5-1D36FB9211D3}"
EndProject
Project("{FAE04EC0-301F-11D3-BF4B-00C04F79EFBC}") = "HopTracer", "HopTracer\HopTracer.csproj", "{73549A01-01D2-48C8-A611-AAA6F1E26187}"
EndProject
Project("{FAE04EC0-301F-11D3-BF4B-00C04F79EFBC}") = "HopTracer.UnitTests", "..\Tests\HopTracer.UnitTests\HopTracer.UnitTests.csproj", "{4D412E2D-0DF2-4A1F-A47F-307653D4410A}"
EndProject
Global
	GlobalSection(SolutionConfigurationPlatforms) = preSolution
		Debug|Any CPU = Debug|Any CPU
		Debug|x64 = Debug|x64
		Debug|x86 = Debug|x86
		Release|Any CPU = Release|Any CPU
		Release|x64 = Release|x64
		Release|x86 = Release|x86
	EndGlobalSection
	GlobalSection(ProjectConfigurationPlatforms) = postSolution
		{11387A26-8468-4AD7-8043-5DBF7D7042B6}.Debug|Any CPU.ActiveCfg = Debug|Any CPU
		{11387A26-8468-4AD7-8043-5DBF7D7042B6}.Debug|Any CPU.Build.0 = Debug|Any CPU
		{11387A26-8468-4AD7-8043-5DBF7D7042B6}.Debug|x64.ActiveCfg = Debug|Any CPU
		{11387A26-8468-4AD7-8043-5DBF7D7042B6}.Debug|x64.Build.0 = Debug|Any CPU
		{11387A26-8468-4AD7-8043-5DBF7D7042B6}.Debug|x86.ActiveCfg = Debug|Any CPU
		{11387A26-8468-4AD7-8043-5DBF7D7042B6}.Debug|x86.Build.0 = Debug|Any CPU
		{11387A26-8468-4AD7-8043-5DBF7D7042B6}.Release|Any CPU.ActiveCfg = Release|Any CPU
		{11387A26-8468-4AD7-8043-5DBF7D7042B6}.Release|Any CPU.Build.0 = Release|Any CPU
		{11387A26-8468-4AD7-8043-5DBF7D7042B6}.Release|x64.ActiveCfg = Release|Any CPU
		{11387A26-8468-4AD7-8043-5DBF7D7042B6}.Release|x64.Build.0 = Release|Any CPU
		{11387A26-8468-4AD7-8043-5DBF7D7042B6}.Release|x86.ActiveCfg = Release|Any CPU
		{11387A26-8468-4AD7-8043-5DBF7D7042B6}.Release|x86.Build.0 = Release|Any CPU
		{C66CE928-772A-4C83-A514-CA752F84E28A}.Debug|Any CPU.ActiveCfg = Debug|Any CPU
		{C66CE928-772A-4C83-A514-CA752F84E28A}.Debug|Any CPU.Build.0 = Debug|Any CPU
		{C66CE928-772A-4C83-A514-CA752F84E28A}.Debug|x64.ActiveCfg = Debug|Any CPU
		{C66CE928-772A-4C83-A514-CA752F84E28A}.Debug|x64.Build.0 = Debug|Any CPU
		{C66CE928-772A-4C83-A514-CA752F84E28A}.Debug|x86.ActiveCfg = Debug|Any CPU
		{C66CE928-772A-4C83-A514-CA752F84E28A}.Debug|x86.Build.0 = Debug|Any CPU
		{C66CE928-772A-4C83-A514-CA752F84E28A}.Release|Any CPU.ActiveCfg = Release|Any CPU
		{C66CE928-772A-4C83-A514-CA752F84E28A}.Release|Any CPU.Build.0 = Release|Any CPU
		{C66CE928-772A-4C83-A514-CA752F84E28A}.Release|x64.ActiveCfg = Release|Any CPU
		{C66CE928-772A-4C83-A514-CA752F84E28A}.Release|x64.Build.0 = Release|Any CPU
		{C66CE928-772A-4C83-A514-CA752F84E28A}.Release|x86.ActiveCfg = Release|Any CPU
		{C66CE928-772A-4C83-A514-CA752F84E28A}.Release|x86.Build.0 = Release|Any CPU
		{E8B10874-24ED-4617-9683-7D492D7E68C9}.Debug|Any CPU.ActiveCfg = Debug|Any CPU
		{E8B10874-24ED-4617-9683-7D492D7E68C9}.Debug|Any CPU.Build.0 = Debug|Any CPU
		{E8B10874-24ED-4617-9683-7D492D7E68C9}.Debug|x64.ActiveCfg = Debug|Any CPU
		{E8B10874-24ED-4617-9683-7D492D7E68C9}.Debug|x64.Build.0 = Debug|Any CPU
		{E8B10874-24ED-4617-9683-7D492D7E68C9}.Debug|x86.ActiveCfg = Debug|Any CPU
		{E8B10874-24ED-4617-9683-7D492D7E68C9}.Debug|x86.Build.0 = Debug|Any CPU
		{E8B10874-24ED-4617-9683-7D492D7E68C9}.Release|Any CPU.ActiveCfg = Release|Any CPU
		{E8B10874-24ED-4617-9683-7D492D7E68C9}.Release|Any CPU.Build.0 = Release|Any CPU
		{E8B10874-24ED-4617-9683-7D492D7E68C9}.Release|x64.ActiveCfg = Release|Any CPU
		{E8B10874-24ED-4617-9683-7D492D7E68C9}.Release|x64.Build.0 = Release|Any CPU
		{E8B10874-24ED-4617-9683-7D492D7E68C9}.Release|x86.ActiveCfg = Release|Any CPU
		{E8B10874-24ED-4617-9683-7D492D7E68C9}.Release|x86.Build.0 = Release|Any CPU
		{76558B21-D4CB-4210-97F5-1D36FB9211D3}.Debug|Any CPU.ActiveCfg = Debug|Any CPU
		{76558B21-D4CB-4210-97F5-1D36FB9211D3}.Debug|Any CPU.Build.0 = Debug|Any CPU
		{76558B21-D4CB-4210-97F5-1D36FB9211D3}.Debug|x64.ActiveCfg = Debug|Any CPU
		{76558B21-D4CB-4210-97F5-1D36FB9211D3}.Debug|x64.Build.0 = Debug|Any CPU
		{76558B21-D4CB-4210-97F5-1D36FB9211D3}.Debug|x86.ActiveCfg = Debug|Any CPU
		{76558B21-D4CB-4210-97F5-1D36FB9211D3}.Debug|x86.Build.0 = Debug|Any CPU
		{76558B21-D4CB-4210-97F5-1D36FB9211D3}.Release|Any CPU.ActiveCfg = Release|Any CPU
		{76558B21-D4CB-4210-97F5-1D36FB9211D3}.Release|Any CPU.Build.0 = Release|Any CPU
		{76558B21-D4CB-4210-97F5-1D36FB9211D3}.Release|x64.ActiveCfg = Release|Any CPU
		{76558B21-D4CB-4210-97F5-1D36FB9211D3}.Release|x64.Build.0 = Release|Any CPU
		{76558B21-D4CB-4210-97F5-1D36FB9211D3}.Release|x86.ActiveCfg = Release|Any CPU
		{76558B21-D4CB-4210-97F5-1D36FB9211D3}.Release|x86.Build.0 = Release|Any CPU
		{73549A01-01D2-48C8-A611-AAA6F1E26187}.Debug|Any CPU.ActiveCfg = Debug|Any CPU
		{73549A01-01D2-48C8-A611-AAA6F1E26187}.Debug|Any CPU.Build.0 = Debug|Any CPU
		{73549A01-01D2-48C8-A611-AAA6F1E26187}.Debug|x64.ActiveCfg = Debug|Any CPU
		{73549A01-01D2-48C8-A611-AAA6F1E26187}.Debug|x64.Build.0 = Debug|Any CPU
		{73549A01-01D2-48C8-A611-AAA6F1E26187}.Debug|x86.ActiveCfg = Debug|Any CPU
		{73549A01-01D2-48C8-A611-AAA6F1E26187}.Debug|x86.Build.0 = Debug|Any CPU
		{73549A01-01D2-48C8-A611-AAA6F1E26187}.Release|Any CPU.ActiveCfg = Release|Any CPU
		{73549A01-01D2-48C8-A611-AAA6F1E26187}.Release|Any CPU.Build.0 = Release|Any CPU
		{73549A01-01D2-48C8-A611-AAA6F1E26187}.Release|x64.ActiveCfg = Release|Any CPU
		{73549A01-01D2-48C8-A611-AAA6F1E26187}.Release|x64.Build.0 = Release|Any CPU
		{73549A01-01D2-48C8-A611-AAA6F1E26187}.Release|x86.ActiveCfg = Release|Any CPU
		{73549A01-01D2-48C8-A611-AAA6F1E26187}.Release|x86.Build.0 = Release|Any CPU
		{4D412E2D-0DF2-4A1F-A47F-307653D4410A}.Debug|Any CPU.ActiveCfg = Debug|Any CPU
		{4D412E2D-0DF2-4A1F-A47F-307653D4410A}.Debug|Any CPU.Build.0 = Debug|Any CPU
		{4D412E2D-0DF2-4A1F-A47F-307653D4410A}.Debug|x64.ActiveCfg = Debug|Any CPU
		{4D412E2D-0DF2-4A1F-A47F-307653D4410A}.Debug|x64.Build.0 = Debug|Any CPU
		{4D412E2D-0DF2-4A1F-A47F-307653D4410A}.Debug|x86.ActiveCfg = Debug|Any CPU
		{4D412E2D-0DF2-4A1F-A47F-307653D4410A}.Debug|x86.Build.0 = Debug|Any CPU
		{4D412E2D-0DF2-4A1F-A47F-307653D4410A}.Release|Any CPU.ActiveCfg = Release|Any CPU
		{4D412E2D-0DF2-4A1F-A47F-307653D4410A}.Release|Any CPU.Build.0 = Release|Any CPU
		{4D412E2D-0DF2-4A1F-A47F-307653D4410A}.Release|x64.ActiveCfg = Release|Any CPU
		{4D412E2D-0DF2-4A1F-A47F-307653D4410A}.Release|x64.Build.0 = Release|Any CPU
		{4D412E2D-0DF2-4A1F-A47F-307653D4410A}.Release|x86.ActiveCfg = Release|Any CPU
		{4D412E2D-0DF2-4A1F-A47F-307653D4410A}.Release|x86.Build.0 = Release|Any CPU
	EndGlobalSection
	GlobalSection(SolutionProperties) = preSolution
		HideSolutionNode = FALSE
	EndGlobalSection
EndGlobal
